{
  "name": "gplay-music",
  "version": "1.1.0",
  "lockfileVersion": 1,
  "requires": true,
  "dependencies": {
    "crypto-js": {
      "version": "3.1.8",
      "resolved": "https://registry.npmjs.org/crypto-js/-/crypto-js-3.1.8.tgz",
      "integrity": "sha1-cV8HC/YBTyrpkqmLOSkli3E/CNU="
    },
    "node-uuid": {
      "version": "1.4.8",
      "resolved": "https://registry.npmjs.org/node-uuid/-/node-uuid-1.4.8.tgz",
      "integrity": "sha1-sEDrCSOWivq/jTL7HxfxFn/auQc="
    },
    "playmusic": {
      "version": "2.3.0",
      "resolved": "https://registry.npmjs.org/playmusic/-/playmusic-2.3.0.tgz",
      "integrity": "sha512-GMraEFE9zJ5otm0Vx9tPoE0EpA8vriiGXKofjRy71akZ7f1clo1NROHWoC+jSP42GN6d21z60SpqGhkamJHWfA==",
      "requires": {
        "crypto-js": ">= 3.1",
        "node-uuid": "~1.4.1",
        "rsa-pem-from-mod-exp": "^0.8.4"
      }
    },
    "rsa-pem-from-mod-exp": {
      "version": "0.8.4",
      "resolved": "https://registry.npmjs.org/rsa-pem-from-mod-exp/-/rsa-pem-from-mod-exp-0.8.4.tgz",
      "integrity": "sha1-NipCxtMEBW1JOz8SvOq7LGV2ptQ="
    }
  }
}
